// !$*UTF8*$!
{
	archiveVersion = 1;
	classes = {
	};
	objectVersion = 50;
	objects = {

/* Begin PBXBuildFile section */
		180FB97922EBC25D0021AD67 /* AppDelegate.swift in Sources */ = {isa = PBXBuildFile; fileRef = 180FB97822EBC25D0021AD67 /* AppDelegate.swift */; };
		180FB97B22EBC25D0021AD67 /* ViewController.swift in Sources */ = {isa = PBXBuildFile; fileRef = 180FB97A22EBC25D0021AD67 /* ViewController.swift */; };
		180FB97E22EBC25D0021AD67 /* Main.storyboard in Resources */ = {isa = PBXBuildFile; fileRef = 180FB97C22EBC25D0021AD67 /* Main.storyboard */; };
		180FB98022EBC25F0021AD67 /* Assets.xcassets in Resources */ = {isa = PBXBuildFile; fileRef = 180FB97F22EBC25F0021AD67 /* Assets.xcassets */; };
		180FB98322EBC25F0021AD67 /* LaunchScreen.storyboard in Resources */ = {isa = PBXBuildFile; fileRef = 180FB98122EBC25F0021AD67 /* LaunchScreen.storyboard */; };
		180FB98E22EBC25F0021AD67 /* SeguesPracticeTests.swift in Sources */ = {isa = PBXBuildFile; fileRef = 180FB98D22EBC25F0021AD67 /* SeguesPracticeTests.swift */; };
		180FB99922EBC25F0021AD67 /* SeguesPracticeUITests.swift in Sources */ = {isa = PBXBuildFile; fileRef = 180FB99822EBC25F0021AD67 /* SeguesPracticeUITests.swift */; };
/* End PBXBuildFile section */

/* Begin PBXContainerItemProxy section */
		180FB98A22EBC25F0021AD67 /* PBXContainerItemProxy */ = {
			isa = PBXContainerItemProxy;
			containerPortal = 180FB96D22EBC25D0021AD67 /* Project object */;
			proxyType = 1;
			remoteGlobalIDString = 180FB97422EBC25D0021AD67;
			remoteInfo = SeguesPractice;
		};
		180FB99522EBC25F0021AD67 /* PBXContainerItemProxy */ = {
			isa = PBXContainerItemProxy;
			containerPortal = 180FB96D22EBC25D0021AD67 /* Project object */;
			proxyType = 1;
			remoteGlobalIDString = 180FB97422EBC25D0021AD67;
			remoteInfo = SeguesPractice;
		};
/* End PBXContainerItemProxy section */

/* Begin PBXFileReference section */
		180FB97522EBC25D0021AD67 /* SeguesPractice.app */ = {isa = PBXFileReference; explicitFileType = wrapper.application; includeInIndex = 0; path = SeguesPractice.app; sourceTree = BUILT_PRODUCTS_DIR; };
		180FB97822EBC25D0021AD67 /* AppDelegate.swift */ = {isa = PBXFileReference; lastKnownFileType = sourcecode.swift; path = AppDelegate.swift; sourceTree = "<group>"; };
		180FB97A22EBC25D0021AD67 /* ViewController.swift */ = {isa = PBXFileReference; lastKnownFileType = sourcecode.swift; path = ViewController.swift; sourceTree = "<group>"; };
		180FB97D22EBC25D0021AD67 /* Base */ = {isa = PBXFileReference; lastKnownFileType = file.storyboard; name = Base; path = Base.lproj/Main.storyboard; sourceTree = "<group>"; };
		180FB97F22EBC25F0021AD67 /* Assets.xcassets */ = {isa = PBXFileReference; lastKnownFileType = folder.assetcatalog; path = Assets.xcassets; sourceTree = "<group>"; };
		180FB98222EBC25F0021AD67 /* Base */ = {isa = PBXFileReference; lastKnownFileType = file.storyboard; name = Base; path = Base.lproj/LaunchScreen.storyboard; sourceTree = "<group>"; };
		180FB98422EBC25F0021AD67 /* Info.plist */ = {isa = PBXFileReference; lastKnownFileType = text.plist.xml; path = Info.plist; sourceTree = "<group>"; };
		180FB98922EBC25F0021AD67 /* SeguesPracticeTests.xctest */ = {isa = PBXFileReference; explicitFileType = wrapper.cfbundle; includeInIndex = 0; path = SeguesPracticeTests.xctest; sourceTree = BUILT_PRODUCTS_DIR; };
		180FB98D22EBC25F0021AD67 /* SeguesPracticeTests.swift */ = {isa = PBXFileReference; lastKnownFileType = sourcecode.swift; path = SeguesPracticeTests.swift; sourceTree = "<group>"; };
		180FB98F22EBC25F0021AD67 /* Info.plist */ = {isa = PBXFileReference; lastKnownFileType = text.plist.xml; path = Info.plist; sourceTree = "<group>"; };
		180FB99422EBC25F0021AD67 /* SeguesPracticeUITests.xctest */ = {isa = PBXFileReference; explicitFileType = wrapper.cfbundle; includeInIndex = 0; path = SeguesPracticeUITests.xctest; sourceTree = BUILT_PRODUCTS_DIR; };
		180FB99822EBC25F0021AD67 /* SeguesPracticeUITests.swift */ = {isa = PBXFileReference; lastKnownFileType = sourcecode.swift; path = SeguesPracticeUITests.swift; sourceTree = "<group>"; };
		180FB99A22EBC25F0021AD67 /* Info.plist */ = {isa = PBXFileReference; lastKnownFileType = text.plist.xml; path = Info.plist; sourceTree = "<group>"; };
/* End PBXFileReference section */

/* Begin PBXFrameworksBuildPhase section */
		180FB97222EBC25D0021AD67 /* Frameworks */ = {
			isa = PBXFrameworksBuildPhase;
			buildActionMask = 2147483647;
			files = (
			);
			runOnlyForDeploymentPostprocessing = 0;
		};
		180FB98622EBC25F0021AD67 /* Frameworks */ = {
			isa = PBXFrameworksBuildPhase;
			buildActionMask = 2147483647;
			files = (
			);
			runOnlyForDeploymentPostprocessing = 0;
		};
		180FB99122EBC25F0021AD67 /* Frameworks */ = {
			isa = PBXFrameworksBuildPhase;
			buildActionMask = 2147483647;
			files = (
			);
			runOnlyForDeploymentPostprocessing = 0;
		};
/* End PBXFrameworksBuildPhase section */

/* Begin PBXGroup section */
		180FB96C22EBC25D0021AD67 = {
			isa = PBXGroup;
			children = (
				180FB97722EBC25D0021AD67 /* SeguesPractice */,
				180FB98C22EBC25F0021AD67 /* SeguesPracticeTests */,
				180FB99722EBC25F0021AD67 /* SeguesPracticeUITests */,
				180FB97622EBC25D0021AD67 /* Products */,
			);
			sourceTree = "<group>";
		};
		180FB97622EBC25D0021AD67 /* Products */ = {
			isa = PBXGroup;
			children = (
				180FB97522EBC25D0021AD67 /* SeguesPractice.app */,
				180FB98922EBC25F0021AD67 /* SeguesPracticeTests.xctest */,
				180FB99422EBC25F0021AD67 /* SeguesPracticeUITests.xctest */,
			);
			name = Products;
			sourceTree = "<group>";
		};
		180FB97722EBC25D0021AD67 /* SeguesPractice */ = {
			isa = PBXGroup;
			children = (
				180FB97822EBC25D0021AD67 /* AppDelegate.swift */,
				180FB97A22EBC25D0021AD67 /* ViewController.swift */,
				180FB97C22EBC25D0021AD67 /* Main.storyboard */,
				180FB97F22EBC25F0021AD67 /* Assets.xcassets */,
				180FB98122EBC25F0021AD67 /* LaunchScreen.storyboard */,
				180FB98422EBC25F0021AD67 /* Info.plist */,
			);
			path = SeguesPractice;
			sourceTree = "<group>";
		};
		180FB98C22EBC25F0021AD67 /* SeguesPracticeTests */ = {
			isa = PBXGroup;
			children = (
				180FB98D22EBC25F0021AD67 /* SeguesPracticeTests.swift */,
				180FB98F22EBC25F0021AD67 /* Info.plist */,
			);
			path = SeguesPracticeTests;
			sourceTree = "<group>";
		};
		180FB99722EBC25F0021AD67 /* SeguesPracticeUITests */ = {
			isa = PBXGroup;
			children = (
				180FB99822EBC25F0021AD67 /* SeguesPracticeUITests.swift */,
				180FB99A22EBC25F0021AD67 /* Info.plist */,
			);
			path = SeguesPracticeUITests;
			sourceTree = "<group>";
		};
/* End PBXGroup section */

/* Begin PBXNativeTarget section */
		180FB97422EBC25D0021AD67 /* SeguesPractice */ = {
			isa = PBXNativeTarget;
			buildConfigurationList = 180FB99D22EBC25F0021AD67 /* Build configuration list for PBXNativeTarget "SeguesPractice" */;
			buildPhases = (
				180FB97122EBC25D0021AD67 /* Sources */,
				180FB97222EBC25D0021AD67 /* Frameworks */,
				180FB97322EBC25D0021AD67 /* Resources */,
			);
			buildRules = (
			);
			dependencies = (
			);
			name = SeguesPractice;
			productName = SeguesPractice;
			productReference = 180FB97522EBC25D0021AD67 /* SeguesPractice.app */;
			productType = "com.apple.product-type.application";
		};
		180FB98822EBC25F0021AD67 /* SeguesPracticeTests */ = {
			isa = PBXNativeTarget;
			buildConfigurationList = 180FB9A022EBC25F0021AD67 /* Build configuration list for PBXNativeTarget "SeguesPracticeTests" */;
			buildPhases = (
				180FB98522EBC25F0021AD67 /* Sources */,
				180FB98622EBC25F0021AD67 /* Frameworks */,
				180FB98722EBC25F0021AD67 /* Resources */,
			);
			buildRules = (
			);
			dependencies = (
				180FB98B22EBC25F0021AD67 /* PBXTargetDependency */,
			);
			name = SeguesPracticeTests;
			productName = SeguesPracticeTests;
			productReference = 180FB98922EBC25F0021AD67 /* SeguesPracticeTests.xctest */;
			productType = "com.apple.product-type.bundle.unit-test";
		};
		180FB99322EBC25F0021AD67 /* SeguesPracticeUITests */ = {
			isa = PBXNativeTarget;
			buildConfigurationList = 180FB9A322EBC25F0021AD67 /* Build configuration list for PBXNativeTarget "SeguesPracticeUITests" */;
			buildPhases = (
				180FB99022EBC25F0021AD67 /* Sources */,
				180FB99122EBC25F0021AD67 /* Frameworks */,
				180FB99222EBC25F0021AD67 /* Resources */,
			);
			buildRules = (
			);
			dependencies = (
				180FB99622EBC25F0021AD67 /* PBXTargetDependency */,
			);
			name = SeguesPracticeUITests;
			productName = SeguesPracticeUITests;
			productReference = 180FB99422EBC25F0021AD67 /* SeguesPracticeUITests.xctest */;
			productType = "com.apple.product-type.bundle.ui-testing";
		};
/* End PBXNativeTarget section */

/* Begin PBXProject section */
		180FB96D22EBC25D0021AD67 /* Project object */ = {
			isa = PBXProject;
			attributes = {
				LastSwiftUpdateCheck = 1020;
				LastUpgradeCheck = 1020;
				ORGANIZATIONNAME = Apple;
				TargetAttributes = {
					180FB97422EBC25D0021AD67 = {
						CreatedOnToolsVersion = 10.2.1;
					};
					180FB98822EBC25F0021AD67 = {
						CreatedOnToolsVersion = 10.2.1;
						TestTargetID = 180FB97422EBC25D0021AD67;
					};
					180FB99322EBC25F0021AD67 = {
						CreatedOnToolsVersion = 10.2.1;
						TestTargetID = 180FB97422EBC25D0021AD67;
					};
				};
			};
			buildConfigurationList = 180FB97022EBC25D0021AD67 /* Build configuration list for PBXProject "SeguesPractice" */;
			compatibilityVersion = "Xcode 9.3";
			developmentRegion = en;
			hasScannedForEncodings = 0;
			knownRegions = (
				en,
				Base,
			);
			mainGroup = 180FB96C22EBC25D0021AD67;
			productRefGroup = 180FB97622EBC25D0021AD67 /* Products */;
			projectDirPath = "";
			projectRoot = "";
			targets = (
				180FB97422EBC25D0021AD67 /* SeguesPractice */,
				180FB98822EBC25F0021AD67 /* SeguesPracticeTests */,
				180FB99322EBC25F0021AD67 /* SeguesPracticeUITests */,
			);
		};
/* End PBXProject section */

/* Begin PBXResourcesBuildPhase section */
		180FB97322EBC25D0021AD67 /* Resources */ = {
			isa = PBXResourcesBuildPhase;
			buildActionMask = 2147483647;
			files = (
				180FB98322EBC25F0021AD67 /* LaunchScreen.storyboard in Resources */,
				180FB98022EBC25F0021AD67 /* Assets.xcassets in Resources */,
				180FB97E22EBC25D0021AD67 /* Main.storyboard in Resources */,
			);
			runOnlyForDeploymentPostprocessing = 0;
		};
		180FB98722EBC25F0021AD67 /* Resources */ = {
			isa = PBXResourcesBuildPhase;
			buildActionMask = 2147483647;
			files = (
			);
			runOnlyForDeploymentPostprocessing = 0;
		};
		180FB99222EBC25F0021AD67 /* Resources */ = {
			isa = PBXResourcesBuildPhase;
			buildActionMask = 2147483647;
			files = (
			);
			runOnlyForDeploymentPostprocessing = 0;
		};
/* End PBXResourcesBuildPhase section */

/* Begin PBXSourcesBuildPhase section */
		180FB97122EBC25D0021AD67 /* Sources */ = {
			isa = PBXSourcesBuildPhase;
			buildActionMask = 2147483647;
			files = (
				180FB97B22EBC25D0021AD67 /* ViewController.swift in Sources */,
				180FB97922EBC25D0021AD67 /* AppDelegate.swift in Sources */,
			);
			runOnlyForDeploymentPostprocessing = 0;
		};
		180FB98522EBC25F0021AD67 /* Sources */ = {
			isa = PBXSourcesBuildPhase;
			buildActionMask = 2147483647;
			files = (
				180FB98E22EBC25F0021AD67 /* SeguesPracticeTests.swift in Sources */,
			);
			runOnlyForDeploymentPostprocessing = 0;
		};
		180FB99022EBC25F0021AD67 /* Sources */ = {
			isa = PBXSourcesBuildPhase;
			buildActionMask = 2147483647;
			files = (
				180FB99922EBC25F0021AD67 /* SeguesPracticeUITests.swift in Sources */,
			);
			runOnlyForDeploymentPostprocessing = 0;
		};
/* End PBXSourcesBuildPhase section */

/* Begin PBXTargetDependency section */
		180FB98B22EBC25F0021AD67 /* PBXTargetDependency */ = {
			isa = PBXTargetDependency;
			target = 180FB97422EBC25D0021AD67 /* SeguesPractice */;
			targetProxy = 180FB98A22EBC25F0021AD67 /* PBXContainerItemProxy */;
		};
		180FB99622EBC25F0021AD67 /* PBXTargetDependency */ = {
			isa = PBXTargetDependency;
			target = 180FB97422EBC25D0021AD67 /* SeguesPractice */;
			targetProxy = 180FB99522EBC25F0021AD67 /* PBXContainerItemProxy */;
		};
/* End PBXTargetDependency section */

/* Begin PBXVariantGroup section */
		180FB97C22EBC25D0021AD67 /* Main.storyboard */ = {
			isa = PBXVariantGroup;
			children = (
				180FB97D22EBC25D0021AD67 /* Base */,
			);
			name = Main.storyboard;
			sourceTree = "<group>";
		};
		180FB98122EBC25F0021AD67 /* LaunchScreen.storyboard */ = {
			isa = PBXVariantGroup;
			children = (
				180FB98222EBC25F0021AD67 /* Base */,
			);
			name = LaunchScreen.storyboard;
			sourceTree = "<group>";
		};
/* End PBXVariantGroup section */

/* Begin XCBuildConfiguration section */
		180FB99B22EBC25F0021AD67 /* Debug */ = {
			isa = XCBuildConfiguration;
			buildSettings = {
				ALWAYS_SEARCH_USER_PATHS = NO;
				CLANG_ANALYZER_NONNULL = YES;
				CLANG_ANALYZER_NUMBER_OBJECT_CONVERSION = YES_AGGRESSIVE;
				CLANG_CXX_LANGUAGE_STANDARD = "gnu++14";
				CLANG_CXX_LIBRARY = "libc++";
				CLANG_ENABLE_MODULES = YES;
				CLANG_ENABLE_OBJC_ARC = YES;
				CLANG_ENABLE_OBJC_WEAK = YES;
				CLANG_WARN_BLOCK_CAPTURE_AUTORELEASING = YES;
				CLANG_WARN_BOOL_CONVERSION = YES;
				CLANG_WARN_COMMA = YES;
				CLANG_WARN_CONSTANT_CONVERSION = YES;
				CLANG_WARN_DEPRECATED_OBJC_IMPLEMENTATIONS = YES;
				CLANG_WARN_DIRECT_OBJC_ISA_USAGE = YES_ERROR;
				CLANG_WARN_DOCUMENTATION_COMMENTS = YES;
				CLANG_WARN_EMPTY_BODY = YES;
				CLANG_WARN_ENUM_CONVERSION = YES;
				CLANG_WARN_INFINITE_RECURSION = YES;
				CLANG_WARN_INT_CONVERSION = YES;
				CLANG_WARN_NON_LITERAL_NULL_CONVERSION = YES;
				CLANG_WARN_OBJC_IMPLICIT_RETAIN_SELF = YES;
				CLANG_WARN_OBJC_LITERAL_CONVERSION = YES;
				CLANG_WARN_OBJC_ROOT_CLASS = YES_ERROR;
				CLANG_WARN_RANGE_LOOP_ANALYSIS = YES;
				CLANG_WARN_STRICT_PROTOTYPES = YES;
				CLANG_WARN_SUSPICIOUS_MOVE = YES;
				CLANG_WARN_UNGUARDED_AVAILABILITY = YES_AGGRESSIVE;
				CLANG_WARN_UNREACHABLE_CODE = YES;
				CLANG_WARN__DUPLICATE_METHOD_MATCH = YES;
				CODE_SIGN_IDENTITY = "iPhone Developer";
				COPY_PHASE_STRIP = NO;
				DEBUG_INFORMATION_FORMAT = dwarf;
				ENABLE_STRICT_OBJC_MSGSEND = YES;
				ENABLE_TESTABILITY = YES;
				GCC_C_LANGUAGE_STANDARD = gnu11;
				GCC_DYNAMIC_NO_PIC = NO;
				GCC_NO_COMMON_BLOCKS = YES;
				GCC_OPTIMIZATION_LEVEL = 0;
				GCC_PREPROCESSOR_DEFINITIONS = (
					"DEBUG=1",
					"$(inherited)",
				);
				GCC_WARN_64_TO_32_BIT_CONVERSION = YES;
				GCC_WARN_ABOUT_RETURN_TYPE = YES_ERROR;
				GCC_WARN_UNDECLARED_SELECTOR = YES;
				GCC_WARN_UNINITIALIZED_AUTOS = YES_AGGRESSIVE;
				GCC_WARN_UNUSED_FUNCTION = YES;
				GCC_WARN_UNUSED_VARIABLE = YES;
				IPHONEOS_DEPLOYMENT_TARGET = 12.2;
				MTL_ENABLE_DEBUG_INFO = INCLUDE_SOURCE;
				MTL_FAST_MATH = YES;
				ONLY_ACTIVE_ARCH = YES;
				SDKROOT = iphoneos;
				SWIFT_ACTIVE_COMPILATION_CONDITIONS = DEBUG;
				SWIFT_OPTIMIZATION_LEVEL = "-Onone";
			};
			name = Debug;
		};
		180FB99C22EBC25F0021AD67 /* Release */ = {
			isa = XCBuildConfiguration;
			buildSettings = {
				ALWAYS_SEARCH_USER_PATHS = NO;
				CLANG_ANALYZER_NONNULL = YES;
				CLANG_ANALYZER_NUMBER_OBJECT_CONVERSION = YES_AGGRESSIVE;
				CLANG_CXX_LANGUAGE_STANDARD = "gnu++14";
				CLANG_CXX_LIBRARY = "libc++";
				CLANG_ENABLE_MODULES = YES;
				CLANG_ENABLE_OBJC_ARC = YES;
				CLANG_ENABLE_OBJC_WEAK = YES;
				CLANG_WARN_BLOCK_CAPTURE_AUTORELEASING = YES;
				CLANG_WARN_BOOL_CONVERSION = YES;
				CLANG_WARN_COMMA = YES;
				CLANG_WARN_CONSTANT_CONVERSION = YES;
				CLANG_WARN_DEPRECATED_OBJC_IMPLEMENTATIONS = YES;
				CLANG_WARN_DIRECT_OBJC_ISA_USAGE = YES_ERROR;
				CLANG_WARN_DOCUMENTATION_COMMENTS = YES;
				CLANG_WARN_EMPTY_BODY = YES;
				CLANG_WARN_ENUM_CONVERSION = YES;
				CLANG_WARN_INFINITE_RECURSION = YES;
				CLANG_WARN_INT_CONVERSION = YES;
				CLANG_WARN_NON_LITERAL_NULL_CONVERSION = YES;
				CLANG_WARN_OBJC_IMPLICIT_RETAIN_SELF = YES;
				CLANG_WARN_OBJC_LITERAL_CONVERSION = YES;
				CLANG_WARN_OBJC_ROOT_CLASS = YES_ERROR;
				CLANG_WARN_RANGE_LOOP_ANALYSIS = YES;
				CLANG_WARN_STRICT_PROTOTYPES = YES;
				CLANG_WARN_SUSPICIOUS_MOVE = YES;
				CLANG_WARN_UNGUARDED_AVAILABILITY = YES_AGGRESSIVE;
				CLANG_WARN_UNREACHABLE_CODE = YES;
				CLANG_WARN__DUPLICATE_METHOD_MATCH = YES;
				CODE_SIGN_IDENTITY = "iPhone Developer";
				COPY_PHASE_STRIP = NO;
				DEBUG_INFORMATION_FORMAT = "dwarf-with-dsym";
				ENABLE_NS_ASSERTIONS = NO;
				ENABLE_STRICT_OBJC_MSGSEND = YES;
				GCC_C_LANGUAGE_STANDARD = gnu11;
				GCC_NO_COMMON_BLOCKS = YES;
				GCC_WARN_64_TO_32_BIT_CONVERSION = YES;
				GCC_WARN_ABOUT_RETURN_TYPE = YES_ERROR;
				GCC_WARN_UNDECLARED_SELECTOR = YES;
				GCC_WARN_UNINITIALIZED_AUTOS = YES_AGGRESSIVE;
				GCC_WARN_UNUSED_FUNCTION = YES;
				GCC_WARN_UNUSED_VARIABLE = YES;
				IPHONEOS_DEPLOYMENT_TARGET = 12.2;
				MTL_ENABLE_DEBUG_INFO = NO;
				MTL_FAST_MATH = YES;
				SDKROOT = iphoneos;
				SWIFT_COMPILATION_MODE = wholemodule;
				SWIFT_OPTIMIZATION_LEVEL = "-O";
				VALIDATE_PRODUCT = YES;
			};
			name = Release;
		};
		180FB99E22EBC25F0021AD67 /* Debug */ = {
			isa = XCBuildConfiguration;
			buildSettings = {
				ASSETCATALOG_COMPILER_APPICON_NAME = AppIcon;
				CODE_SIGN_STYLE = Automatic;
				INFOPLIST_FILE = SeguesPractice/Info.plist;
				LD_RUNPATH_SEARCH_PATHS = (
					"$(inherited)",
					"@executable_path/Frameworks",
				);
				PRODUCT_BUNDLE_IDENTIFIER = Grace.SeguesPractice;
				PRODUCT_NAME = "$(TARGET_NAME)";
				SWIFT_VERSION = 5.0;
				TARGETED_DEVICE_FAMILY = "1,2";
			};
			name = Debug;
		};
		180FB99F22EBC25F0021AD67 /* Release */ = {
			isa = XCBuildConfiguration;
			buildSettings = {
				ASSETCATALOG_COMPILER_APPICON_NAME = AppIcon;
				CODE_SIGN_STYLE = Automatic;
				INFOPLIST_FILE = SeguesPractice/Info.plist;
				LD_RUNPATH_SEARCH_PATHS = (
					"$(inherited)",
					"@executable_path/Frameworks",
				);
				PRODUCT_BUNDLE_IDENTIFIER = Grace.SeguesPractice;
				PRODUCT_NAME = "$(TARGET_NAME)";
				SWIFT_VERSION = 5.0;
				TARGETED_DEVICE_FAMILY = "1,2";
			};
			name = Release;
		};
		180FB9A122EBC25F0021AD67 /* Debug */ = {
			isa = XCBuildConfiguration;
			buildSettings = {
				ALWAYS_EMBED_SWIFT_STANDARD_LIBRARIES = YES;
				BUNDLE_LOADER = "$(TEST_HOST)";
				CODE_SIGN_STYLE = Automatic;
				INFOPLIST_FILE = SeguesPracticeTests/Info.plist;
				LD_RUNPATH_SEARCH_PATHS = (
					"$(inherited)",
					"@executable_path/Frameworks",
					"@loader_path/Frameworks",
				);
				PRODUCT_BUNDLE_IDENTIFIER = Grace.SeguesPracticeTests;
				PRODUCT_NAME = "$(TARGET_NAME)";
				SWIFT_VERSION = 5.0;
				TARGETED_DEVICE_FAMILY = "1,2";
				TEST_HOST = "$(BUILT_PRODUCTS_DIR)/SeguesPractice.app/SeguesPractice";
			};
			name = Debug;
		};
		180FB9A222EBC25F0021AD67 /* Release */ = {
			isa = XCBuildConfiguration;
			buildSettings = {
				ALWAYS_EMBED_SWIFT_STANDARD_LIBRARIES = YES;
				BUNDLE_LOADER = "$(TEST_HOST)";
				CODE_SIGN_STYLE = Automatic;
				INFOPLIST_FILE = SeguesPracticeTests/Info.plist;
				LD_RUNPATH_SEARCH_PATHS = (
					"$(inherited)",
					"@executable_path/Frameworks",
					"@loader_path/Frameworks",
				);
				PRODUCT_BUNDLE_IDENTIFIER = Grace.SeguesPracticeTests;
				PRODUCT_NAME = "$(TARGET_NAME)";
				SWIFT_VERSION = 5.0;
				TARGETED_DEVICE_FAMILY = "1,2";
				TEST_HOST = "$(BUILT_PRODUCTS_DIR)/SeguesPractice.app/SeguesPractice";
			};
			name = Release;
		};
		180FB9A422EBC25F0021AD67 /* Debug */ = {
			isa = XCBuildConfiguration;
			buildSettings = {
				ALWAYS_EMBED_SWIFT_STANDARD_LIBRARIES = YES;
				CODE_SIGN_STYLE = Automatic;
				INFOPLIST_FILE = SeguesPracticeUITests/Info.plist;
				LD_RUNPATH_SEARCH_PATHS = (
					"$(inherited)",
					"@executable_path/Frameworks",
					"@loader_path/Frameworks",
				);
				PRODUCT_BUNDLE_IDENTIFIER = Grace.SeguesPracticeUITests;
				PRODUCT_NAME = "$(TARGET_NAME)";
				SWIFT_VERSION = 5.0;
				TARGETED_DEVICE_FAMILY = "1,2";
				TEST_TARGET_NAME = SeguesPractice;
			};
			name = Debug;
		};
		180FB9A522EBC25F0021AD67 /* Release */ = {
			isa = XCBuildConfiguration;
			buildSettings = {
				ALWAYS_EMBED_SWIFT_STANDARD_LIBRARIES = YES;
				CODE_SIGN_STYLE = Automatic;
				INFOPLIST_FILE = SeguesPracticeUITests/Info.plist;
				LD_RUNPATH_SEARCH_PATHS = (
					"$(inherited)",
					"@executable_path/Frameworks",
					"@loader_path/Frameworks",
				);
				PRODUCT_BUNDLE_IDENTIFIER = Grace.SeguesPracticeUITests;
				PRODUCT_NAME = "$(TARGET_NAME)";
				SWIFT_VERSION = 5.0;
				TARGETED_DEVICE_FAMILY = "1,2";
				TEST_TARGET_NAME = SeguesPractice;
			};
			name = Release;
		};
/* End XCBuildConfiguration section */

/* Begin XCConfigurationList section */
		180FB97022EBC25D0021AD67 /* Build configuration list for PBXProject "SeguesPractice" */ = {
			isa = XCConfigurationList;
			buildConfigurations = (
				180FB99B22EBC25F0021AD67 /* Debug */,
				180FB99C22EBC25F0021AD67 /* Release */,
			);
			defaultConfigurationIsVisible = 0;
			defaultConfigurationName = Release;
		};
		180FB99D22EBC25F0021AD67 /* Build configuration list for PBXNativeTarget "SeguesPractice" */ = {
			isa = XCConfigurationList;
			buildConfigurations = (
				180FB99E22EBC25F0021AD67 /* Debug */,
				180FB99F22EBC25F0021AD67 /* Release */,
			);
			defaultConfigurationIsVisible = 0;
			defaultConfigurationName = Release;
		};
		180FB9A022EBC25F0021AD67 /* Build configuration list for PBXNativeTarget "SeguesPracticeTests" */ = {
			isa = XCConfigurationList;
			buildConfigurations = (
				180FB9A122EBC25F0021AD67 /* Debug */,
				180FB9A222EBC25F0021AD67 /* Release */,
			);
			defaultConfigurationIsVisible = 0;
			defaultConfigurationName = Release;
		};
		180FB9A322EBC25F0021AD67 /* Build configuration list for PBXNativeTarget "SeguesPracticeUITests" */ = {
			isa = XCConfigurationList;
			buildConfigurations = (
				180FB9A422EBC25F0021AD67 /* Debug */,
				180FB9A522EBC25F0021AD67 /* Release */,
			);
			defaultConfigurationIsVisible = 0;
			defaultConfigurationName = Release;
		};
/* End XCConfigurationList section */
	};
	rootObject = 180FB96D22EBC25D0021AD67 /* Project object */;
}
